
Microsoft Visual Studio Solution File, Format Version 12.00
# Visual Studio Version 16
VisualStudioVersion = 16.0.31129.286
MinimumVisualStudioVersion = 10.0.40219.1
Project("{FAE04EC0-301F-11D3-BF4B-00C04F79EFBC}") = "TodoAPI", "TodoAPI\TodoAPI.csproj", "{18B47FB6-EAE0-4300-9E18-16DAE3C88FEB}"
EndProject
Global
	GlobalSection(SolutionConfigurationPlatforms) = preSolution
		Debug|Any CPU = Debug|Any CPU
		Release|Any CPU = Release|Any CPU
	EndGlobalSection
	GlobalSection(ProjectConfigurationPlatforms) = postSolution
		{18B47FB6-EAE0-4300-9E18-16DAE3C88FEB}.Debug|Any CPU.ActiveCfg = Debug|Any CPU
		{18B47FB6-EAE0-4300-9E18-16DAE3C88FEB}.Debug|Any CPU.Build.0 = Debug|Any CPU
		{18B47FB6-EAE0-4300-9E18-16DAE3C88FEB}.Release|Any CPU.ActiveCfg = Release|Any CPU
		{18B47FB6-EAE0-4300-9E18-16DAE3C88FEB}.Release|Any CPU.Build.0 = Release|Any CPU
	EndGlobalSection
	GlobalSection(SolutionProperties) = preSolution
		HideSolutionNode = FALSE
	EndGlobalSection
	GlobalSection(ExtensibilityGlobals) = postSolution
		SolutionGuid = {FCEBD148-0D38-4615-AEF2-0D045D9F9B40}
	EndGlobalSection
EndGlobal
